
Microsoft Visual Studio Solution File, Format Version 12.00
# Visual Studio Version 16
VisualStudioVersion = 16.0.30204.135
MinimumVisualStudioVersion = 10.0.40219.1
Project("{9A19103F-16F7-4668-BE54-9A1E7A4F7556}") = "Monica.PlatformMain", "Monica.PlatformMain\Monica.PlatformMain.csproj", "{9B12F18D-B37F-4F79-83F1-C520C7AF3D52}"
EndProject
Project("{9A19103F-16F7-4668-BE54-9A1E7A4F7556}") = "MonicaPlatform.IdentityServer4", "MonicaPlatform.IdentityServer4\MonicaPlatform.IdentityServer4.csproj", "{F7BEEE98-E58B-446D-9F5C-532646E74F06}"
EndProject
Project("{9A19103F-16F7-4668-BE54-9A1E7A4F7556}") = "MonicaPlatform.Swashbuckle.Swagger.Module", "MonicaPlatform.Swashbuckle.Swagger.Module\MonicaPlatform.Swashbuckle.Swagger.Module.csproj", "{4AEDE9B2-3CB0-44CC-9610-ED264FE682FC}"
EndProject
Project("{9A19103F-16F7-4668-BE54-9A1E7A4F7556}") = "MonicaPlatform.TechLog.Module", "MonicaPlatform.TechLog.Module\MonicaPlatform.TechLog.Module.csproj", "{B34E2E9B-7AE6-4E2F-BF04-D5FFB6C9F89D}"
EndProject
Project("{9A19103F-16F7-4668-BE54-9A1E7A4F7556}") = "MonicaPlatform.AuthModule", "MonicaPlatform.AuthModule\MonicaPlatform.AuthModule.csproj", "{6670C65B-3A4B-43C2-8625-7F23CC4BB740}"
EndProject
Project("{2150E333-8FDC-42A3-9474-1A3956D46DE8}") = "Platform", "Platform", "{6FC9AB7B-2BCD-4F3E-BD64-EBC748702DF3}"
EndProject
Project("{9A19103F-16F7-4668-BE54-9A1E7A4F7556}") = "Monica.Core.Testing.Nunit", "Monica.Core.Testing.Nunit\Monica.Core.Testing.Nunit.csproj", "{EBFFB10C-D9B7-4014-9B01-AE51B4A3CD5B}"
EndProject
Project("{9A19103F-16F7-4668-BE54-9A1E7A4F7556}") = "Monica.Core.Abstraction", "Monica.Core.Abstraction\Monica.Core.Abstraction.csproj", "{82C51606-FD8F-4E44-BEB7-606E79E367A9}"
EndProject
Project("{2150E333-8FDC-42A3-9474-1A3956D46DE8}") = "Core", "Core", "{0BDFDFA4-FBFD-485E-B7F1-A75595353130}"
EndProject
Project("{9A19103F-16F7-4668-BE54-9A1E7A4F7556}") = "Monica.Core.DbModel", "Monica.Core.DbModel\Monica.Core.DbModel.csproj", "{0DFAD4A4-B3BC-49D2-A067-23A1F4868F54}"
EndProject
Project("{9A19103F-16F7-4668-BE54-9A1E7A4F7556}") = "Monica.Core.ModelParametrs", "Monica.Core.ModelParametrs\Monica.Core.ModelParametrs.csproj", "{77AFE3A6-64D1-441C-9B0E-3D32E6472825}"
EndProject
Project("{9A19103F-16F7-4668-BE54-9A1E7A4F7556}") = "Monica.Core.Service", "Monica.Core.Service\Monica.Core.Service.csproj", "{D6602798-324E-4381-8BB0-C7656112720B}"
EndProject
Project("{9A19103F-16F7-4668-BE54-9A1E7A4F7556}") = "Monica.Core.Controllers", "Monica.Core.Controllers\Monica.Core.Controllers.csproj", "{C4CEB6B8-4E90-4434-8013-349214A29E73}"
EndProject
Project("{2150E333-8FDC-42A3-9474-1A3956D46DE8}") = "Settings", "Settings", "{16E306D8-6055-4F0B-96A4-3CC086FF1DEF}"
EndProject
Project("{9A19103F-16F7-4668-BE54-9A1E7A4F7556}") = "Monica.Settings.WebApi", "Monica.Settings.WebApi\Monica.Settings.WebApi.csproj", "{96084FC7-2852-422B-9E5F-1CFC82A3D1F3}"
EndProject
Project("{9A19103F-16F7-4668-BE54-9A1E7A4F7556}") = "Monica.Settings.DataAdapter", "Monica.Settings.DataAdapter\Monica.Settings.DataAdapter.csproj", "{7709D039-015C-452D-B3EE-BC8719EA85BD}"
EndProject
Global
	GlobalSection(SolutionConfigurationPlatforms) = preSolution
		Anonym|Any CPU = Anonym|Any CPU
		Anonym|x64 = Anonym|x64
		Debug|Any CPU = Debug|Any CPU
		Debug|x64 = Debug|x64
		Develop|Any CPU = Develop|Any CPU
		Develop|x64 = Develop|x64
		Release|Any CPU = Release|Any CPU
		Release|x64 = Release|x64
	EndGlobalSection
	GlobalSection(ProjectConfigurationPlatforms) = postSolution
		{9B12F18D-B37F-4F79-83F1-C520C7AF3D52}.Anonym|Any CPU.ActiveCfg = Release|Any CPU
		{9B12F18D-B37F-4F79-83F1-C520C7AF3D52}.Anonym|Any CPU.Build.0 = Release|Any CPU
		{9B12F18D-B37F-4F79-83F1-C520C7AF3D52}.Anonym|x64.ActiveCfg = Release|x64
		{9B12F18D-B37F-4F79-83F1-C520C7AF3D52}.Anonym|x64.Build.0 = Release|x64
		{9B12F18D-B37F-4F79-83F1-C520C7AF3D52}.Debug|Any CPU.ActiveCfg = Debug|Any CPU
		{9B12F18D-B37F-4F79-83F1-C520C7AF3D52}.Debug|Any CPU.Build.0 = Debug|Any CPU
		{9B12F18D-B37F-4F79-83F1-C520C7AF3D52}.Debug|x64.ActiveCfg = Debug|x64
		{9B12F18D-B37F-4F79-83F1-C520C7AF3D52}.Debug|x64.Build.0 = Debug|x64
		{9B12F18D-B37F-4F79-83F1-C520C7AF3D52}.Develop|Any CPU.ActiveCfg = Develop|Any CPU
		{9B12F18D-B37F-4F79-83F1-C520C7AF3D52}.Develop|Any CPU.Build.0 = Develop|Any CPU
		{9B12F18D-B37F-4F79-83F1-C520C7AF3D52}.Develop|x64.ActiveCfg = Develop|Any CPU
		{9B12F18D-B37F-4F79-83F1-C520C7AF3D52}.Develop|x64.Build.0 = Develop|Any CPU
		{9B12F18D-B37F-4F79-83F1-C520C7AF3D52}.Release|Any CPU.ActiveCfg = Release|Any CPU
		{9B12F18D-B37F-4F79-83F1-C520C7AF3D52}.Release|Any CPU.Build.0 = Release|Any CPU
		{9B12F18D-B37F-4F79-83F1-C520C7AF3D52}.Release|x64.ActiveCfg = Release|Any CPU
		{9B12F18D-B37F-4F79-83F1-C520C7AF3D52}.Release|x64.Build.0 = Release|Any CPU
		{F7BEEE98-E58B-446D-9F5C-532646E74F06}.Anonym|Any CPU.ActiveCfg = Release|Any CPU
		{F7BEEE98-E58B-446D-9F5C-532646E74F06}.Anonym|Any CPU.Build.0 = Release|Any CPU
		{F7BEEE98-E58B-446D-9F5C-532646E74F06}.Anonym|x64.ActiveCfg = Release|x64
		{F7BEEE98-E58B-446D-9F5C-532646E74F06}.Anonym|x64.Build.0 = Release|x64
		{F7BEEE98-E58B-446D-9F5C-532646E74F06}.Debug|Any CPU.ActiveCfg = Debug|Any CPU
		{F7BEEE98-E58B-446D-9F5C-532646E74F06}.Debug|Any CPU.Build.0 = Debug|Any CPU
		{F7BEEE98-E58B-446D-9F5C-532646E74F06}.Debug|x64.ActiveCfg = Debug|Any CPU
		{F7BEEE98-E58B-446D-9F5C-532646E74F06}.Debug|x64.Build.0 = Debug|Any CPU
		{F7BEEE98-E58B-446D-9F5C-532646E74F06}.Develop|Any CPU.ActiveCfg = Develop|Any CPU
		{F7BEEE98-E58B-446D-9F5C-532646E74F06}.Develop|Any CPU.Build.0 = Develop|Any CPU
		{F7BEEE98-E58B-446D-9F5C-532646E74F06}.Develop|x64.ActiveCfg = Develop|Any CPU
		{F7BEEE98-E58B-446D-9F5C-532646E74F06}.Develop|x64.Build.0 = Develop|Any CPU
		{F7BEEE98-E58B-446D-9F5C-532646E74F06}.Release|Any CPU.ActiveCfg = Release|Any CPU
		{F7BEEE98-E58B-446D-9F5C-532646E74F06}.Release|Any CPU.Build.0 = Release|Any CPU
		{F7BEEE98-E58B-446D-9F5C-532646E74F06}.Release|x64.ActiveCfg = Release|Any CPU
		{F7BEEE98-E58B-446D-9F5C-532646E74F06}.Release|x64.Build.0 = Release|Any CPU
		{4AEDE9B2-3CB0-44CC-9610-ED264FE682FC}.Anonym|Any CPU.ActiveCfg = Release|Any CPU
		{4AEDE9B2-3CB0-44CC-9610-ED264FE682FC}.Anonym|Any CPU.Build.0 = Release|Any CPU
		{4AEDE9B2-3CB0-44CC-9610-ED264FE682FC}.Anonym|x64.ActiveCfg = Release|x64
		{4AEDE9B2-3CB0-44CC-9610-ED264FE682FC}.Anonym|x64.Build.0 = Release|x64
		{4AEDE9B2-3CB0-44CC-9610-ED264FE682FC}.Debug|Any CPU.ActiveCfg = Debug|Any CPU
		{4AEDE9B2-3CB0-44CC-9610-ED264FE682FC}.Debug|Any CPU.Build.0 = Debug|Any CPU
		{4AEDE9B2-3CB0-44CC-9610-ED264FE682FC}.Debug|x64.ActiveCfg = Debug|Any CPU
		{4AEDE9B2-3CB0-44CC-9610-ED264FE682FC}.Debug|x64.Build.0 = Debug|Any CPU
		{4AEDE9B2-3CB0-44CC-9610-ED264FE682FC}.Develop|Any CPU.ActiveCfg = Develop|Any CPU
		{4AEDE9B2-3CB0-44CC-9610-ED264FE682FC}.Develop|Any CPU.Build.0 = Develop|Any CPU
		{4AEDE9B2-3CB0-44CC-9610-ED264FE682FC}.Develop|x64.ActiveCfg = Develop|Any CPU
		{4AEDE9B2-3CB0-44CC-9610-ED264FE682FC}.Develop|x64.Build.0 = Develop|Any CPU
		{4AEDE9B2-3CB0-44CC-9610-ED264FE682FC}.Release|Any CPU.ActiveCfg = Release|Any CPU
		{4AEDE9B2-3CB0-44CC-9610-ED264FE682FC}.Release|Any CPU.Build.0 = Release|Any CPU
		{4AEDE9B2-3CB0-44CC-9610-ED264FE682FC}.Release|x64.ActiveCfg = Release|Any CPU
		{4AEDE9B2-3CB0-44CC-9610-ED264FE682FC}.Release|x64.Build.0 = Release|Any CPU
		{B34E2E9B-7AE6-4E2F-BF04-D5FFB6C9F89D}.Anonym|Any CPU.ActiveCfg = Release|Any CPU
		{B34E2E9B-7AE6-4E2F-BF04-D5FFB6C9F89D}.Anonym|Any CPU.Build.0 = Release|Any CPU
		{B34E2E9B-7AE6-4E2F-BF04-D5FFB6C9F89D}.Anonym|x64.ActiveCfg = Release|x64
		{B34E2E9B-7AE6-4E2F-BF04-D5FFB6C9F89D}.Anonym|x64.Build.0 = Release|x64
		{B34E2E9B-7AE6-4E2F-BF04-D5FFB6C9F89D}.Debug|Any CPU.ActiveCfg = Debug|Any CPU
		{B34E2E9B-7AE6-4E2F-BF04-D5FFB6C9F89D}.Debug|Any CPU.Build.0 = Debug|Any CPU
		{B34E2E9B-7AE6-4E2F-BF04-D5FFB6C9F89D}.Debug|x64.ActiveCfg = Debug|Any CPU
		{B34E2E9B-7AE6-4E2F-BF04-D5FFB6C9F89D}.Debug|x64.Build.0 = Debug|Any CPU
		{B34E2E9B-7AE6-4E2F-BF04-D5FFB6C9F89D}.Develop|Any CPU.ActiveCfg = Develop|Any CPU
		{B34E2E9B-7AE6-4E2F-BF04-D5FFB6C9F89D}.Develop|Any CPU.Build.0 = Develop|Any CPU
		{B34E2E9B-7AE6-4E2F-BF04-D5FFB6C9F89D}.Develop|x64.ActiveCfg = Develop|Any CPU
		{B34E2E9B-7AE6-4E2F-BF04-D5FFB6C9F89D}.Develop|x64.Build.0 = Develop|Any CPU
		{B34E2E9B-7AE6-4E2F-BF04-D5FFB6C9F89D}.Release|Any CPU.ActiveCfg = Release|Any CPU
		{B34E2E9B-7AE6-4E2F-BF04-D5FFB6C9F89D}.Release|Any CPU.Build.0 = Release|Any CPU
		{B34E2E9B-7AE6-4E2F-BF04-D5FFB6C9F89D}.Release|x64.ActiveCfg = Release|Any CPU
		{B34E2E9B-7AE6-4E2F-BF04-D5FFB6C9F89D}.Release|x64.Build.0 = Release|Any CPU
		{6670C65B-3A4B-43C2-8625-7F23CC4BB740}.Anonym|Any CPU.ActiveCfg = Release|Any CPU
		{6670C65B-3A4B-43C2-8625-7F23CC4BB740}.Anonym|Any CPU.Build.0 = Release|Any CPU
		{6670C65B-3A4B-43C2-8625-7F23CC4BB740}.Anonym|x64.ActiveCfg = Release|x64
		{6670C65B-3A4B-43C2-8625-7F23CC4BB740}.Anonym|x64.Build.0 = Release|x64
		{6670C65B-3A4B-43C2-8625-7F23CC4BB740}.Debug|Any CPU.ActiveCfg = Debug|Any CPU
		{6670C65B-3A4B-43C2-8625-7F23CC4BB740}.Debug|Any CPU.Build.0 = Debug|Any CPU
		{6670C65B-3A4B-43C2-8625-7F23CC4BB740}.Debug|x64.ActiveCfg = Debug|Any CPU
		{6670C65B-3A4B-43C2-8625-7F23CC4BB740}.Debug|x64.Build.0 = Debug|Any CPU
		{6670C65B-3A4B-43C2-8625-7F23CC4BB740}.Develop|Any CPU.ActiveCfg = Develop|Any CPU
		{6670C65B-3A4B-43C2-8625-7F23CC4BB740}.Develop|Any CPU.Build.0 = Develop|Any CPU
		{6670C65B-3A4B-43C2-8625-7F23CC4BB740}.Develop|x64.ActiveCfg = Develop|Any CPU
		{6670C65B-3A4B-43C2-8625-7F23CC4BB740}.Develop|x64.Build.0 = Develop|Any CPU
		{6670C65B-3A4B-43C2-8625-7F23CC4BB740}.Release|Any CPU.ActiveCfg = Release|Any CPU
		{6670C65B-3A4B-43C2-8625-7F23CC4BB740}.Release|Any CPU.Build.0 = Release|Any CPU
		{6670C65B-3A4B-43C2-8625-7F23CC4BB740}.Release|x64.ActiveCfg = Release|Any CPU
		{6670C65B-3A4B-43C2-8625-7F23CC4BB740}.Release|x64.Build.0 = Release|Any CPU
		{EBFFB10C-D9B7-4014-9B01-AE51B4A3CD5B}.Anonym|Any CPU.ActiveCfg = Debug|Any CPU
		{EBFFB10C-D9B7-4014-9B01-AE51B4A3CD5B}.Anonym|Any CPU.Build.0 = Debug|Any CPU
		{EBFFB10C-D9B7-4014-9B01-AE51B4A3CD5B}.Anonym|x64.ActiveCfg = Release|x64
		{EBFFB10C-D9B7-4014-9B01-AE51B4A3CD5B}.Anonym|x64.Build.0 = Release|x64
		{EBFFB10C-D9B7-4014-9B01-AE51B4A3CD5B}.Debug|Any CPU.ActiveCfg = Debug|Any CPU
		{EBFFB10C-D9B7-4014-9B01-AE51B4A3CD5B}.Debug|Any CPU.Build.0 = Debug|Any CPU
		{EBFFB10C-D9B7-4014-9B01-AE51B4A3CD5B}.Debug|x64.ActiveCfg = Debug|x64
		{EBFFB10C-D9B7-4014-9B01-AE51B4A3CD5B}.Debug|x64.Build.0 = Debug|x64
		{EBFFB10C-D9B7-4014-9B01-AE51B4A3CD5B}.Develop|Any CPU.ActiveCfg = Debug|Any CPU
		{EBFFB10C-D9B7-4014-9B01-AE51B4A3CD5B}.Develop|Any CPU.Build.0 = Debug|Any CPU
		{EBFFB10C-D9B7-4014-9B01-AE51B4A3CD5B}.Develop|x64.ActiveCfg = Debug|x64
		{EBFFB10C-D9B7-4014-9B01-AE51B4A3CD5B}.Develop|x64.Build.0 = Debug|x64
		{EBFFB10C-D9B7-4014-9B01-AE51B4A3CD5B}.Release|Any CPU.ActiveCfg = Release|Any CPU
		{EBFFB10C-D9B7-4014-9B01-AE51B4A3CD5B}.Release|Any CPU.Build.0 = Release|Any CPU
		{EBFFB10C-D9B7-4014-9B01-AE51B4A3CD5B}.Release|x64.ActiveCfg = Release|x64
		{EBFFB10C-D9B7-4014-9B01-AE51B4A3CD5B}.Release|x64.Build.0 = Release|x64
		{82C51606-FD8F-4E44-BEB7-606E79E367A9}.Anonym|Any CPU.ActiveCfg = Develop|Any CPU
		{82C51606-FD8F-4E44-BEB7-606E79E367A9}.Anonym|Any CPU.Build.0 = Develop|Any CPU
		{82C51606-FD8F-4E44-BEB7-606E79E367A9}.Anonym|x64.ActiveCfg = Release|x64
		{82C51606-FD8F-4E44-BEB7-606E79E367A9}.Anonym|x64.Build.0 = Release|x64
		{82C51606-FD8F-4E44-BEB7-606E79E367A9}.Debug|Any CPU.ActiveCfg = Debug|Any CPU
		{82C51606-FD8F-4E44-BEB7-606E79E367A9}.Debug|Any CPU.Build.0 = Debug|Any CPU
		{82C51606-FD8F-4E44-BEB7-606E79E367A9}.Debug|x64.ActiveCfg = Debug|x64
		{82C51606-FD8F-4E44-BEB7-606E79E367A9}.Debug|x64.Build.0 = Debug|x64
		{82C51606-FD8F-4E44-BEB7-606E79E367A9}.Develop|Any CPU.ActiveCfg = Develop|Any CPU
		{82C51606-FD8F-4E44-BEB7-606E79E367A9}.Develop|Any CPU.Build.0 = Develop|Any CPU
		{82C51606-FD8F-4E44-BEB7-606E79E367A9}.Develop|x64.ActiveCfg = Develop|x64
		{82C51606-FD8F-4E44-BEB7-606E79E367A9}.Develop|x64.Build.0 = Develop|x64
		{82C51606-FD8F-4E44-BEB7-606E79E367A9}.Release|Any CPU.ActiveCfg = Release|Any CPU
		{82C51606-FD8F-4E44-BEB7-606E79E367A9}.Release|Any CPU.Build.0 = Release|Any CPU
		{82C51606-FD8F-4E44-BEB7-606E79E367A9}.Release|x64.ActiveCfg = Release|x64
		{82C51606-FD8F-4E44-BEB7-606E79E367A9}.Release|x64.Build.0 = Release|x64
		{0DFAD4A4-B3BC-49D2-A067-23A1F4868F54}.Anonym|Any CPU.ActiveCfg = Develop|Any CPU
		{0DFAD4A4-B3BC-49D2-A067-23A1F4868F54}.Anonym|Any CPU.Build.0 = Develop|Any CPU
		{0DFAD4A4-B3BC-49D2-A067-23A1F4868F54}.Anonym|x64.ActiveCfg = Release|x64
		{0DFAD4A4-B3BC-49D2-A067-23A1F4868F54}.Anonym|x64.Build.0 = Release|x64
		{0DFAD4A4-B3BC-49D2-A067-23A1F4868F54}.Debug|Any CPU.ActiveCfg = Debug|Any CPU
		{0DFAD4A4-B3BC-49D2-A067-23A1F4868F54}.Debug|Any CPU.Build.0 = Debug|Any CPU
		{0DFAD4A4-B3BC-49D2-A067-23A1F4868F54}.Debug|x64.ActiveCfg = Debug|x64
		{0DFAD4A4-B3BC-49D2-A067-23A1F4868F54}.Debug|x64.Build.0 = Debug|x64
		{0DFAD4A4-B3BC-49D2-A067-23A1F4868F54}.Develop|Any CPU.ActiveCfg = Develop|Any CPU
		{0DFAD4A4-B3BC-49D2-A067-23A1F4868F54}.Develop|Any CPU.Build.0 = Develop|Any CPU
		{0DFAD4A4-B3BC-49D2-A067-23A1F4868F54}.Develop|x64.ActiveCfg = Develop|x64
		{0DFAD4A4-B3BC-49D2-A067-23A1F4868F54}.Develop|x64.Build.0 = Develop|x64
		{0DFAD4A4-B3BC-49D2-A067-23A1F4868F54}.Release|Any CPU.ActiveCfg = Release|Any CPU
		{0DFAD4A4-B3BC-49D2-A067-23A1F4868F54}.Release|Any CPU.Build.0 = Release|Any CPU
		{0DFAD4A4-B3BC-49D2-A067-23A1F4868F54}.Release|x64.ActiveCfg = Release|x64
		{0DFAD4A4-B3BC-49D2-A067-23A1F4868F54}.Release|x64.Build.0 = Release|x64
		{77AFE3A6-64D1-441C-9B0E-3D32E6472825}.Anonym|Any CPU.ActiveCfg = Develop|Any CPU
		{77AFE3A6-64D1-441C-9B0E-3D32E6472825}.Anonym|Any CPU.Build.0 = Develop|Any CPU
		{77AFE3A6-64D1-441C-9B0E-3D32E6472825}.Anonym|x64.ActiveCfg = Release|x64
		{77AFE3A6-64D1-441C-9B0E-3D32E6472825}.Anonym|x64.Build.0 = Release|x64
		{77AFE3A6-64D1-441C-9B0E-3D32E6472825}.Debug|Any CPU.ActiveCfg = Debug|Any CPU
		{77AFE3A6-64D1-441C-9B0E-3D32E6472825}.Debug|Any CPU.Build.0 = Debug|Any CPU
		{77AFE3A6-64D1-441C-9B0E-3D32E6472825}.Debug|x64.ActiveCfg = Debug|x64
		{77AFE3A6-64D1-441C-9B0E-3D32E6472825}.Debug|x64.Build.0 = Debug|x64
		{77AFE3A6-64D1-441C-9B0E-3D32E6472825}.Develop|Any CPU.ActiveCfg = Develop|Any CPU
		{77AFE3A6-64D1-441C-9B0E-3D32E6472825}.Develop|Any CPU.Build.0 = Develop|Any CPU
		{77AFE3A6-64D1-441C-9B0E-3D32E6472825}.Develop|x64.ActiveCfg = Develop|x64
		{77AFE3A6-64D1-441C-9B0E-3D32E6472825}.Develop|x64.Build.0 = Develop|x64
		{77AFE3A6-64D1-441C-9B0E-3D32E6472825}.Release|Any CPU.ActiveCfg = Release|Any CPU
		{77AFE3A6-64D1-441C-9B0E-3D32E6472825}.Release|Any CPU.Build.0 = Release|Any CPU
		{77AFE3A6-64D1-441C-9B0E-3D32E6472825}.Release|x64.ActiveCfg = Release|x64
		{77AFE3A6-64D1-441C-9B0E-3D32E6472825}.Release|x64.Build.0 = Release|x64
		{D6602798-324E-4381-8BB0-C7656112720B}.Anonym|Any CPU.ActiveCfg = Develop|Any CPU
		{D6602798-324E-4381-8BB0-C7656112720B}.Anonym|Any CPU.Build.0 = Develop|Any CPU
		{D6602798-324E-4381-8BB0-C7656112720B}.Anonym|x64.ActiveCfg = Release|x64
		{D6602798-324E-4381-8BB0-C7656112720B}.Anonym|x64.Build.0 = Release|x64
		{D6602798-324E-4381-8BB0-C7656112720B}.Debug|Any CPU.ActiveCfg = Debug|Any CPU
		{D6602798-324E-4381-8BB0-C7656112720B}.Debug|Any CPU.Build.0 = Debug|Any CPU
		{D6602798-324E-4381-8BB0-C7656112720B}.Debug|x64.ActiveCfg = Debug|x64
		{D6602798-324E-4381-8BB0-C7656112720B}.Debug|x64.Build.0 = Debug|x64
		{D6602798-324E-4381-8BB0-C7656112720B}.Develop|Any CPU.ActiveCfg = Develop|Any CPU
		{D6602798-324E-4381-8BB0-C7656112720B}.Develop|Any CPU.Build.0 = Develop|Any CPU
		{D6602798-324E-4381-8BB0-C7656112720B}.Develop|x64.ActiveCfg = Develop|x64
		{D6602798-324E-4381-8BB0-C7656112720B}.Develop|x64.Build.0 = Develop|x64
		{D6602798-324E-4381-8BB0-C7656112720B}.Release|Any CPU.ActiveCfg = Release|Any CPU
		{D6602798-324E-4381-8BB0-C7656112720B}.Release|Any CPU.Build.0 = Release|Any CPU
		{D6602798-324E-4381-8BB0-C7656112720B}.Release|x64.ActiveCfg = Release|x64
		{D6602798-324E-4381-8BB0-C7656112720B}.Release|x64.Build.0 = Release|x64
		{C4CEB6B8-4E90-4434-8013-349214A29E73}.Anonym|Any CPU.ActiveCfg = Develop|Any CPU
		{C4CEB6B8-4E90-4434-8013-349214A29E73}.Anonym|Any CPU.Build.0 = Develop|Any CPU
		{C4CEB6B8-4E90-4434-8013-349214A29E73}.Anonym|x64.ActiveCfg = Release|x64
		{C4CEB6B8-4E90-4434-8013-349214A29E73}.Anonym|x64.Build.0 = Release|x64
		{C4CEB6B8-4E90-4434-8013-349214A29E73}.Debug|Any CPU.ActiveCfg = Debug|Any CPU
		{C4CEB6B8-4E90-4434-8013-349214A29E73}.Debug|Any CPU.Build.0 = Debug|Any CPU
		{C4CEB6B8-4E90-4434-8013-349214A29E73}.Debug|x64.ActiveCfg = Debug|x64
		{C4CEB6B8-4E90-4434-8013-349214A29E73}.Debug|x64.Build.0 = Debug|x64
		{C4CEB6B8-4E90-4434-8013-349214A29E73}.Develop|Any CPU.ActiveCfg = Develop|Any CPU
		{C4CEB6B8-4E90-4434-8013-349214A29E73}.Develop|Any CPU.Build.0 = Develop|Any CPU
		{C4CEB6B8-4E90-4434-8013-349214A29E73}.Develop|x64.ActiveCfg = Develop|x64
		{C4CEB6B8-4E90-4434-8013-349214A29E73}.Develop|x64.Build.0 = Develop|x64
		{C4CEB6B8-4E90-4434-8013-349214A29E73}.Release|Any CPU.ActiveCfg = Release|Any CPU
		{C4CEB6B8-4E90-4434-8013-349214A29E73}.Release|Any CPU.Build.0 = Release|Any CPU
		{C4CEB6B8-4E90-4434-8013-349214A29E73}.Release|x64.ActiveCfg = Release|x64
		{C4CEB6B8-4E90-4434-8013-349214A29E73}.Release|x64.Build.0 = Release|x64
		{96084FC7-2852-422B-9E5F-1CFC82A3D1F3}.Anonym|Any CPU.ActiveCfg = Debug|Any CPU
		{96084FC7-2852-422B-9E5F-1CFC82A3D1F3}.Anonym|Any CPU.Build.0 = Debug|Any CPU
		{96084FC7-2852-422B-9E5F-1CFC82A3D1F3}.Anonym|x64.ActiveCfg = Debug|Any CPU
		{96084FC7-2852-422B-9E5F-1CFC82A3D1F3}.Anonym|x64.Build.0 = Debug|Any CPU
		{96084FC7-2852-422B-9E5F-1CFC82A3D1F3}.Debug|Any CPU.ActiveCfg = Debug|Any CPU
		{96084FC7-2852-422B-9E5F-1CFC82A3D1F3}.Debug|Any CPU.Build.0 = Debug|Any CPU
		{96084FC7-2852-422B-9E5F-1CFC82A3D1F3}.Debug|x64.ActiveCfg = Debug|Any CPU
		{96084FC7-2852-422B-9E5F-1CFC82A3D1F3}.Debug|x64.Build.0 = Debug|Any CPU
		{96084FC7-2852-422B-9E5F-1CFC82A3D1F3}.Develop|Any CPU.ActiveCfg = Debug|Any CPU
		{96084FC7-2852-422B-9E5F-1CFC82A3D1F3}.Develop|Any CPU.Build.0 = Debug|Any CPU
		{96084FC7-2852-422B-9E5F-1CFC82A3D1F3}.Develop|x64.ActiveCfg = Debug|Any CPU
		{96084FC7-2852-422B-9E5F-1CFC82A3D1F3}.Develop|x64.Build.0 = Debug|Any CPU
		{96084FC7-2852-422B-9E5F-1CFC82A3D1F3}.Release|Any CPU.ActiveCfg = Release|Any CPU
		{96084FC7-2852-422B-9E5F-1CFC82A3D1F3}.Release|Any CPU.Build.0 = Release|Any CPU
		{96084FC7-2852-422B-9E5F-1CFC82A3D1F3}.Release|x64.ActiveCfg = Release|Any CPU
		{96084FC7-2852-422B-9E5F-1CFC82A3D1F3}.Release|x64.Build.0 = Release|Any CPU
		{7709D039-015C-452D-B3EE-BC8719EA85BD}.Anonym|Any CPU.ActiveCfg = Debug|Any CPU
		{7709D039-015C-452D-B3EE-BC8719EA85BD}.Anonym|Any CPU.Build.0 = Debug|Any CPU
		{7709D039-015C-452D-B3EE-BC8719EA85BD}.Anonym|x64.ActiveCfg = Debug|Any CPU
		{7709D039-015C-452D-B3EE-BC8719EA85BD}.Anonym|x64.Build.0 = Debug|Any CPU
		{7709D039-015C-452D-B3EE-BC8719EA85BD}.Debug|Any CPU.ActiveCfg = Debug|Any CPU
		{7709D039-015C-452D-B3EE-BC8719EA85BD}.Debug|Any CPU.Build.0 = Debug|Any CPU
		{7709D039-015C-452D-B3EE-BC8719EA85BD}.Debug|x64.ActiveCfg = Debug|Any CPU
		{7709D039-015C-452D-B3EE-BC8719EA85BD}.Debug|x64.Build.0 = Debug|Any CPU
		{7709D039-015C-452D-B3EE-BC8719EA85BD}.Develop|Any CPU.ActiveCfg = Debug|Any CPU
		{7709D039-015C-452D-B3EE-BC8719EA85BD}.Develop|Any CPU.Build.0 = Debug|Any CPU
		{7709D039-015C-452D-B3EE-BC8719EA85BD}.Develop|x64.ActiveCfg = Debug|Any CPU
		{7709D039-015C-452D-B3EE-BC8719EA85BD}.Develop|x64.Build.0 = Debug|Any CPU
		{7709D039-015C-452D-B3EE-BC8719EA85BD}.Release|Any CPU.ActiveCfg = Release|Any CPU
		{7709D039-015C-452D-B3EE-BC8719EA85BD}.Release|Any CPU.Build.0 = Release|Any CPU
		{7709D039-015C-452D-B3EE-BC8719EA85BD}.Release|x64.ActiveCfg = Release|Any CPU
		{7709D039-015C-452D-B3EE-BC8719EA85BD}.Release|x64.Build.0 = Release|Any CPU
	EndGlobalSection
	GlobalSection(SolutionProperties) = preSolution
		HideSolutionNode = FALSE
	EndGlobalSection
	GlobalSection(NestedProjects) = preSolution
		{F7BEEE98-E58B-446D-9F5C-532646E74F06} = {6FC9AB7B-2BCD-4F3E-BD64-EBC748702DF3}
		{4AEDE9B2-3CB0-44CC-9610-ED264FE682FC} = {6FC9AB7B-2BCD-4F3E-BD64-EBC748702DF3}
		{B34E2E9B-7AE6-4E2F-BF04-D5FFB6C9F89D} = {6FC9AB7B-2BCD-4F3E-BD64-EBC748702DF3}
		{6670C65B-3A4B-43C2-8625-7F23CC4BB740} = {6FC9AB7B-2BCD-4F3E-BD64-EBC748702DF3}
		{EBFFB10C-D9B7-4014-9B01-AE51B4A3CD5B} = {0BDFDFA4-FBFD-485E-B7F1-A75595353130}
		{82C51606-FD8F-4E44-BEB7-606E79E367A9} = {0BDFDFA4-FBFD-485E-B7F1-A75595353130}
		{0DFAD4A4-B3BC-49D2-A067-23A1F4868F54} = {0BDFDFA4-FBFD-485E-B7F1-A75595353130}
		{77AFE3A6-64D1-441C-9B0E-3D32E6472825} = {0BDFDFA4-FBFD-485E-B7F1-A75595353130}
		{D6602798-324E-4381-8BB0-C7656112720B} = {0BDFDFA4-FBFD-485E-B7F1-A75595353130}
		{C4CEB6B8-4E90-4434-8013-349214A29E73} = {0BDFDFA4-FBFD-485E-B7F1-A75595353130}
		{96084FC7-2852-422B-9E5F-1CFC82A3D1F3} = {16E306D8-6055-4F0B-96A4-3CC086FF1DEF}
		{7709D039-015C-452D-B3EE-BC8719EA85BD} = {16E306D8-6055-4F0B-96A4-3CC086FF1DEF}
	EndGlobalSection
	GlobalSection(ExtensibilityGlobals) = postSolution
		SolutionGuid = {ECC5EAD8-8521-4B59-A066-0BF39751D076}
	EndGlobalSection
EndGlobal
